{
  "name": "myqq",
  "version": "1.0.0",
  "lockfileVersion": 3,
  "requires": true,
  "packages": {
    "": {
      "name": "myqq",
      "version": "1.0.0",
      "license": "ISC",
      "dependencies": {
        "@escook/request-miniprogram": "^0.2.1",
        "image-tools": "^1.4.0"
      }
    },
    "node_modules/@escook/request-miniprogram": {
      "version": "0.2.1",
      "resolved": "https://registry.npmmirror.com/@escook/request-miniprogram/-/request-miniprogram-0.2.1.tgz",
      "integrity": "sha512-ueWV5YsaEm/ycQZuEjMiA88GFMhfBQSjy9GrP9omy4xAQajkGTbYIlnhzsDfWzRPmRC1fKmAiKMrCVcgS+SHcQ=="
    },
    "node_modules/image-tools": {
      "version": "1.4.0",
      "resolved": "https://registry.npmmirror.com/image-tools/-/image-tools-1.4.0.tgz",
      "integrity": "sha512-TKtvJ6iUwM0mfaD4keMnk1ENHFC470QEjBfA3IlvKdEOufzvWbjbaoNcoyYq6HlViF8+d5tOS1ooE6j7CHf1lQ=="
    }
  }
}
